
Microsoft Visual Studio Solution File, Format Version 12.00
# Visual Studio Version 17
VisualStudioVersion = 17.5.33627.172
MinimumVisualStudioVersion = 10.0.40219.1
Project("{2150E333-8FDC-42A3-9474-1A3956D46DE8}") = "src", "src", "{3A8D381A-3AB0-422A-9BBE-0286793445A9}"
EndProject
Project("{2150E333-8FDC-42A3-9474-1A3956D46DE8}") = "tests", "tests", "{BBA7B54A-652C-43D1-AA40-E0534D39A40C}"
EndProject
Project("{2150E333-8FDC-42A3-9474-1A3956D46DE8}") = "Core", "Core", "{CA98D493-E512-407E-AB10-4D0AD32168B7}"
EndProject
Project("{9A19103F-16F7-4668-BE54-9A1E7A4F7556}") = "TAO.HAS.Application", "src\Core\TAO.HAS.Application\TAO.HAS.Application.csproj", "{B77F7C68-73C9-437F-87DF-11372B6C3928}"
EndProject
Project("{2150E333-8FDC-42A3-9474-1A3956D46DE8}") = "Infrastructure", "Infrastructure", "{5660EDCA-42B6-4035-BD25-EEDCC320196C}"
EndProject
Project("{9A19103F-16F7-4668-BE54-9A1E7A4F7556}") = "TAO.HAS.Infrastructure", "src\Infrastructure\TAO.HAS.Infrastructure\TAO.HAS.Infrastructure.csproj", "{E0F4E9C8-A9D5-4948-80FE-7E7B38C0ADCA}"
EndProject
Project("{9A19103F-16F7-4668-BE54-9A1E7A4F7556}") = "TAO.HAS.Persistence", "src\Infrastructure\TAO.HAS.Persistence\TAO.HAS.Persistence.csproj", "{AD247281-D561-4FC2-965C-E9AA4A8B0AFB}"
EndProject
Project("{2150E333-8FDC-42A3-9474-1A3956D46DE8}") = "Presentation", "Presentation", "{EB80D7EF-2EB9-48F8-A586-A85399F947AB}"
EndProject
Project("{9A19103F-16F7-4668-BE54-9A1E7A4F7556}") = "TAO.HAS.Api", "src\Presentation\TAO.HAS.Api\TAO.HAS.Api.csproj", "{9C028EA5-B482-4312-AA57-79836D9E7CDF}"
EndProject
Project("{FAE04EC0-301F-11D3-BF4B-00C04F79EFBC}") = "TAO.HAS.Domain", "src\Core\TAO.HAS.Domain\TAO.HAS.Domain.csproj", "{2A9F9FF8-7442-41D6-8199-532A8C997178}"
EndProject
Global
	GlobalSection(SolutionConfigurationPlatforms) = preSolution
		Debug|Any CPU = Debug|Any CPU
		Release|Any CPU = Release|Any CPU
	EndGlobalSection
	GlobalSection(ProjectConfigurationPlatforms) = postSolution
		{B77F7C68-73C9-437F-87DF-11372B6C3928}.Debug|Any CPU.ActiveCfg = Debug|Any CPU
		{B77F7C68-73C9-437F-87DF-11372B6C3928}.Debug|Any CPU.Build.0 = Debug|Any CPU
		{B77F7C68-73C9-437F-87DF-11372B6C3928}.Release|Any CPU.ActiveCfg = Release|Any CPU
		{B77F7C68-73C9-437F-87DF-11372B6C3928}.Release|Any CPU.Build.0 = Release|Any CPU
		{E0F4E9C8-A9D5-4948-80FE-7E7B38C0ADCA}.Debug|Any CPU.ActiveCfg = Debug|Any CPU
		{E0F4E9C8-A9D5-4948-80FE-7E7B38C0ADCA}.Debug|Any CPU.Build.0 = Debug|Any CPU
		{E0F4E9C8-A9D5-4948-80FE-7E7B38C0ADCA}.Release|Any CPU.ActiveCfg = Release|Any CPU
		{E0F4E9C8-A9D5-4948-80FE-7E7B38C0ADCA}.Release|Any CPU.Build.0 = Release|Any CPU
		{AD247281-D561-4FC2-965C-E9AA4A8B0AFB}.Debug|Any CPU.ActiveCfg = Debug|Any CPU
		{AD247281-D561-4FC2-965C-E9AA4A8B0AFB}.Debug|Any CPU.Build.0 = Debug|Any CPU
		{AD247281-D561-4FC2-965C-E9AA4A8B0AFB}.Release|Any CPU.ActiveCfg = Release|Any CPU
		{AD247281-D561-4FC2-965C-E9AA4A8B0AFB}.Release|Any CPU.Build.0 = Release|Any CPU
		{9C028EA5-B482-4312-AA57-79836D9E7CDF}.Debug|Any CPU.ActiveCfg = Debug|Any CPU
		{9C028EA5-B482-4312-AA57-79836D9E7CDF}.Debug|Any CPU.Build.0 = Debug|Any CPU
		{9C028EA5-B482-4312-AA57-79836D9E7CDF}.Release|Any CPU.ActiveCfg = Release|Any CPU
		{9C028EA5-B482-4312-AA57-79836D9E7CDF}.Release|Any CPU.Build.0 = Release|Any CPU
		{2A9F9FF8-7442-41D6-8199-532A8C997178}.Debug|Any CPU.ActiveCfg = Debug|Any CPU
		{2A9F9FF8-7442-41D6-8199-532A8C997178}.Debug|Any CPU.Build.0 = Debug|Any CPU
		{2A9F9FF8-7442-41D6-8199-532A8C997178}.Release|Any CPU.ActiveCfg = Release|Any CPU
		{2A9F9FF8-7442-41D6-8199-532A8C997178}.Release|Any CPU.Build.0 = Release|Any CPU
	EndGlobalSection
	GlobalSection(SolutionProperties) = preSolution
		HideSolutionNode = FALSE
	EndGlobalSection
	GlobalSection(NestedProjects) = preSolution
		{CA98D493-E512-407E-AB10-4D0AD32168B7} = {3A8D381A-3AB0-422A-9BBE-0286793445A9}
		{B77F7C68-73C9-437F-87DF-11372B6C3928} = {CA98D493-E512-407E-AB10-4D0AD32168B7}
		{5660EDCA-42B6-4035-BD25-EEDCC320196C} = {3A8D381A-3AB0-422A-9BBE-0286793445A9}
		{E0F4E9C8-A9D5-4948-80FE-7E7B38C0ADCA} = {5660EDCA-42B6-4035-BD25-EEDCC320196C}
		{AD247281-D561-4FC2-965C-E9AA4A8B0AFB} = {5660EDCA-42B6-4035-BD25-EEDCC320196C}
		{EB80D7EF-2EB9-48F8-A586-A85399F947AB} = {3A8D381A-3AB0-422A-9BBE-0286793445A9}
		{9C028EA5-B482-4312-AA57-79836D9E7CDF} = {EB80D7EF-2EB9-48F8-A586-A85399F947AB}
		{2A9F9FF8-7442-41D6-8199-532A8C997178} = {CA98D493-E512-407E-AB10-4D0AD32168B7}
	EndGlobalSection
	GlobalSection(ExtensibilityGlobals) = postSolution
		SolutionGuid = {6BE7C161-0B13-490D-89E1-3BC29E12CE85}
	EndGlobalSection
EndGlobal
